
Microsoft Visual Studio Solution File, Format Version 12.00
# Visual Studio 15
VisualStudioVersion = 15.0.28010.2026
MinimumVisualStudioVersion = 10.0.40219.1
Project("{FAE04EC0-301F-11D3-BF4B-00C04F79EFBC}") = "ConfuserEx String Decryptor", "ConfuserEx String Decryptor\ConfuserEx String Decryptor.csproj", "{15389D87-1FDD-4ED6-93B4-5A020CF3ECCA}"
EndProject
Project("{FAE04EC0-301F-11D3-BF4B-00C04F79EFBC}") = "CawkEmulatorV4", "..\..\..\..\Libraries\cawk-Emulator\.NET-Instruction-Emulator-master\CawkEmulatorV4\CawkEmulatorV4.csproj", "{377D5E82-8619-4DB9-AEB8-D3B608484644}"
EndProject
Project("{FAE04EC0-301F-11D3-BF4B-00C04F79EFBC}") = "dnlib", "..\..\..\..\Libraries\dnlib\dnlib-master\src\dnlib.csproj", "{FDFC1237-143F-4919-8318-4926901F4639}"
EndProject
Global
	GlobalSection(SolutionConfigurationPlatforms) = preSolution
		Debug|Any CPU = Debug|Any CPU
		Release|Any CPU = Release|Any CPU
	EndGlobalSection
	GlobalSection(ProjectConfigurationPlatforms) = postSolution
		{15389D87-1FDD-4ED6-93B4-5A020CF3ECCA}.Debug|Any CPU.ActiveCfg = Debug|Any CPU
		{15389D87-1FDD-4ED6-93B4-5A020CF3ECCA}.Debug|Any CPU.Build.0 = Debug|Any CPU
		{15389D87-1FDD-4ED6-93B4-5A020CF3ECCA}.Release|Any CPU.ActiveCfg = Release|Any CPU
		{15389D87-1FDD-4ED6-93B4-5A020CF3ECCA}.Release|Any CPU.Build.0 = Release|Any CPU
		{377D5E82-8619-4DB9-AEB8-D3B608484644}.Debug|Any CPU.ActiveCfg = Debug|Any CPU
		{377D5E82-8619-4DB9-AEB8-D3B608484644}.Debug|Any CPU.Build.0 = Debug|Any CPU
		{377D5E82-8619-4DB9-AEB8-D3B608484644}.Release|Any CPU.ActiveCfg = Release|Any CPU
		{377D5E82-8619-4DB9-AEB8-D3B608484644}.Release|Any CPU.Build.0 = Release|Any CPU
		{FDFC1237-143F-4919-8318-4926901F4639}.Debug|Any CPU.ActiveCfg = Debug|Any CPU
		{FDFC1237-143F-4919-8318-4926901F4639}.Debug|Any CPU.Build.0 = Debug|Any CPU
		{FDFC1237-143F-4919-8318-4926901F4639}.Release|Any CPU.ActiveCfg = Release|Any CPU
		{FDFC1237-143F-4919-8318-4926901F4639}.Release|Any CPU.Build.0 = Release|Any CPU
	EndGlobalSection
	GlobalSection(SolutionProperties) = preSolution
		HideSolutionNode = FALSE
	EndGlobalSection
	GlobalSection(ExtensibilityGlobals) = postSolution
		SolutionGuid = {8DC3B81D-922F-4325-9BD7-27F03CD7CE76}
	EndGlobalSection
EndGlobal
